
Microsoft Visual Studio Solution File, Format Version 12.00
# Visual Studio Version 16
VisualStudioVersion = 16.0.30309.148
MinimumVisualStudioVersion = 10.0.40219.1
Project("{FAE04EC0-301F-11D3-BF4B-00C04F79EFBC}") = "simple_SQL_app", "simple_SQL_app\simple_SQL_app.csproj", "{478855E1-3A6D-4232-BE1A-105521DAB055}"
EndProject
Global
	GlobalSection(SolutionConfigurationPlatforms) = preSolution
		Debug|Any CPU = Debug|Any CPU
		Release|Any CPU = Release|Any CPU
	EndGlobalSection
	GlobalSection(ProjectConfigurationPlatforms) = postSolution
		{478855E1-3A6D-4232-BE1A-105521DAB055}.Debug|Any CPU.ActiveCfg = Debug|Any CPU
		{478855E1-3A6D-4232-BE1A-105521DAB055}.Debug|Any CPU.Build.0 = Debug|Any CPU
		{478855E1-3A6D-4232-BE1A-105521DAB055}.Release|Any CPU.ActiveCfg = Release|Any CPU
		{478855E1-3A6D-4232-BE1A-105521DAB055}.Release|Any CPU.Build.0 = Release|Any CPU
	EndGlobalSection
	GlobalSection(SolutionProperties) = preSolution
		HideSolutionNode = FALSE
	EndGlobalSection
	GlobalSection(ExtensibilityGlobals) = postSolution
		SolutionGuid = {95578D55-318D-4A9E-85F1-6A3FE4ED1AC6}
	EndGlobalSection
EndGlobal
